// !$*UTF8*$!
{
	archiveVersion = 1;
	classes = {
	};
	objectVersion = 46;
	objects = {

/* Begin PBXBuildFile section */
		1011CB031E23BC4B00316511 /* AppDelegate.swift in Sources */ = {isa = PBXBuildFile; fileRef = 1011CB021E23BC4B00316511 /* AppDelegate.swift */; };
		1011CB051E23BC4B00316511 /* ContactFormViewController.swift in Sources */ = {isa = PBXBuildFile; fileRef = 1011CB041E23BC4B00316511 /* ContactFormViewController.swift */; };
		1011CB081E23BC4B00316511 /* Main.storyboard in Resources */ = {isa = PBXBuildFile; fileRef = 1011CB061E23BC4B00316511 /* Main.storyboard */; };
		1011CB0B1E23BC4B00316511 /* ContatosIP67.xcdatamodeld in Sources */ = {isa = PBXBuildFile; fileRef = 1011CB091E23BC4B00316511 /* ContatosIP67.xcdatamodeld */; };
		1011CB0D1E23BC4B00316511 /* Assets.xcassets in Resources */ = {isa = PBXBuildFile; fileRef = 1011CB0C1E23BC4B00316511 /* Assets.xcassets */; };
		1011CB101E23BC4B00316511 /* LaunchScreen.storyboard in Resources */ = {isa = PBXBuildFile; fileRef = 1011CB0E1E23BC4B00316511 /* LaunchScreen.storyboard */; };
		106768FA1E264CAA002FDC9C /* OptionsManagement.swift in Sources */ = {isa = PBXBuildFile; fileRef = 106768F91E264CAA002FDC9C /* OptionsManagement.swift */; };
		106768FC1E2677FE002FDC9C /* ContactTableViewCell.swift in Sources */ = {isa = PBXBuildFile; fileRef = 106768FB1E2677FE002FDC9C /* ContactTableViewCell.swift */; };
		106B826D1E279F2000C2AF51 /* MapViewController.swift in Sources */ = {isa = PBXBuildFile; fileRef = 106B826C1E279F2000C2AF51 /* MapViewController.swift */; };
		1075425D1E23F63E00CD03B6 /* ContactDao.swift in Sources */ = {isa = PBXBuildFile; fileRef = 1075425C1E23F63E00CD03B6 /* ContactDao.swift */; };
		10773F981E240DED0027E701 /* ContactTableViewController.swift in Sources */ = {isa = PBXBuildFile; fileRef = 10773F971E240DED0027E701 /* ContactTableViewController.swift */; };
		10C994CC1E23D6A4006A15B2 /* Contact.m in Sources */ = {isa = PBXBuildFile; fileRef = 10C994CB1E23D6A4006A15B2 /* Contact.m */; };
		10D61AE91E2549A500B30E2A /* ContactTableViewControllerDelegate.swift in Sources */ = {isa = PBXBuildFile; fileRef = 10D61AE81E2549A500B30E2A /* ContactTableViewControllerDelegate.swift */; };
		59DE74BA3AFE98EB026847E1 /* Pods_ContatosIP67.framework in Frameworks */ = {isa = PBXBuildFile; fileRef = 2859F9BDFF90F46AF3745F75 /* Pods_ContatosIP67.framework */; };
/* End PBXBuildFile section */

/* Begin PBXFileReference section */
		1011CAFF1E23BC4B00316511 /* ContatosIP67.app */ = {isa = PBXFileReference; explicitFileType = wrapper.application; includeInIndex = 0; path = ContatosIP67.app; sourceTree = BUILT_PRODUCTS_DIR; };
		1011CB021E23BC4B00316511 /* AppDelegate.swift */ = {isa = PBXFileReference; lastKnownFileType = sourcecode.swift; path = AppDelegate.swift; sourceTree = "<group>"; };
		1011CB041E23BC4B00316511 /* ContactFormViewController.swift */ = {isa = PBXFileReference; lastKnownFileType = sourcecode.swift; path = ContactFormViewController.swift; sourceTree = "<group>"; };
		1011CB071E23BC4B00316511 /* Base */ = {isa = PBXFileReference; lastKnownFileType = file.storyboard; name = Base; path = Base.lproj/Main.storyboard; sourceTree = "<group>"; };
		1011CB0A1E23BC4B00316511 /* ContatosIP67.xcdatamodel */ = {isa = PBXFileReference; lastKnownFileType = wrapper.xcdatamodel; path = ContatosIP67.xcdatamodel; sourceTree = "<group>"; };
		1011CB0C1E23BC4B00316511 /* Assets.xcassets */ = {isa = PBXFileReference; lastKnownFileType = folder.assetcatalog; path = Assets.xcassets; sourceTree = "<group>"; };
		1011CB0F1E23BC4B00316511 /* Base */ = {isa = PBXFileReference; lastKnownFileType = file.storyboard; name = Base; path = Base.lproj/LaunchScreen.storyboard; sourceTree = "<group>"; };
		1011CB111E23BC4B00316511 /* Info.plist */ = {isa = PBXFileReference; lastKnownFileType = text.plist.xml; path = Info.plist; sourceTree = "<group>"; };
		106768F91E264CAA002FDC9C /* OptionsManagement.swift */ = {isa = PBXFileReference; fileEncoding = 4; lastKnownFileType = sourcecode.swift; path = OptionsManagement.swift; sourceTree = "<group>"; };
		106768FB1E2677FE002FDC9C /* ContactTableViewCell.swift */ = {isa = PBXFileReference; fileEncoding = 4; lastKnownFileType = sourcecode.swift; path = ContactTableViewCell.swift; sourceTree = "<group>"; };
		106B826C1E279F2000C2AF51 /* MapViewController.swift */ = {isa = PBXFileReference; fileEncoding = 4; lastKnownFileType = sourcecode.swift; path = MapViewController.swift; sourceTree = "<group>"; };
		106B826E1E27B3C200C2AF51 /* Location.gpx */ = {isa = PBXFileReference; lastKnownFileType = text.xml; path = Location.gpx; sourceTree = "<group>"; };
		1075425C1E23F63E00CD03B6 /* ContactDao.swift */ = {isa = PBXFileReference; fileEncoding = 4; lastKnownFileType = sourcecode.swift; path = ContactDao.swift; sourceTree = "<group>"; };
		10773F971E240DED0027E701 /* ContactTableViewController.swift */ = {isa = PBXFileReference; fileEncoding = 4; lastKnownFileType = sourcecode.swift; path = ContactTableViewController.swift; sourceTree = "<group>"; };
		10C994CA1E23D6A4006A15B2 /* Contact.h */ = {isa = PBXFileReference; fileEncoding = 4; lastKnownFileType = sourcecode.c.h; path = Contact.h; sourceTree = "<group>"; };
		10C994CB1E23D6A4006A15B2 /* Contact.m */ = {isa = PBXFileReference; fileEncoding = 4; lastKnownFileType = sourcecode.c.objc; path = Contact.m; sourceTree = "<group>"; };
		10C994D01E23DE18006A15B2 /* ContatosIP67-Bridging-Header.h */ = {isa = PBXFileReference; lastKnownFileType = sourcecode.c.h; path = "ContatosIP67-Bridging-Header.h"; sourceTree = "<group>"; };
		10D61AE81E2549A500B30E2A /* ContactTableViewControllerDelegate.swift */ = {isa = PBXFileReference; fileEncoding = 4; lastKnownFileType = sourcecode.swift; path = ContactTableViewControllerDelegate.swift; sourceTree = "<group>"; };
		2859F9BDFF90F46AF3745F75 /* Pods_ContatosIP67.framework */ = {isa = PBXFileReference; explicitFileType = wrapper.framework; includeInIndex = 0; path = Pods_ContatosIP67.framework; sourceTree = BUILT_PRODUCTS_DIR; };
		67AF0B960E70E1BF8C358942 /* Pods-ContatosIP67.release.xcconfig */ = {isa = PBXFileReference; includeInIndex = 1; lastKnownFileType = text.xcconfig; name = "Pods-ContatosIP67.release.xcconfig"; path = "Pods/Target Support Files/Pods-ContatosIP67/Pods-ContatosIP67.release.xcconfig"; sourceTree = "<group>"; };
		E3FF87044B98EE6B7323A21A /* Pods-ContatosIP67.debug.xcconfig */ = {isa = PBXFileReference; includeInIndex = 1; lastKnownFileType = text.xcconfig; name = "Pods-ContatosIP67.debug.xcconfig"; path = "Pods/Target Support Files/Pods-ContatosIP67/Pods-ContatosIP67.debug.xcconfig"; sourceTree = "<group>"; };
/* End PBXFileReference section */

/* Begin PBXFrameworksBuildPhase section */
		1011CAFC1E23BC4B00316511 /* Frameworks */ = {
			isa = PBXFrameworksBuildPhase;
			buildActionMask = 2147483647;
			files = (
				59DE74BA3AFE98EB026847E1 /* Pods_ContatosIP67.framework in Frameworks */,
			);
			runOnlyForDeploymentPostprocessing = 0;
		};
/* End PBXFrameworksBuildPhase section */

/* Begin PBXGroup section */
		1011CAF61E23BC4A00316511 = {
			isa = PBXGroup;
			children = (
				1011CB011E23BC4B00316511 /* ContatosIP67 */,
				1011CB001E23BC4B00316511 /* Products */,
				717FC76780678E88D4ECE874 /* Pods */,
				D95EECC71F30A7A357A40C94 /* Frameworks */,
			);
			sourceTree = "<group>";
		};
		1011CB001E23BC4B00316511 /* Products */ = {
			isa = PBXGroup;
			children = (
				1011CAFF1E23BC4B00316511 /* ContatosIP67.app */,
			);
			name = Products;
			sourceTree = "<group>";
		};
		1011CB011E23BC4B00316511 /* ContatosIP67 */ = {
			isa = PBXGroup;
			children = (
				1011CB021E23BC4B00316511 /* AppDelegate.swift */,
				1011CB041E23BC4B00316511 /* ContactFormViewController.swift */,
				1011CB061E23BC4B00316511 /* Main.storyboard */,
				1011CB0C1E23BC4B00316511 /* Assets.xcassets */,
				1011CB0E1E23BC4B00316511 /* LaunchScreen.storyboard */,
				1011CB111E23BC4B00316511 /* Info.plist */,
				1011CB091E23BC4B00316511 /* ContatosIP67.xcdatamodeld */,
				10C994CA1E23D6A4006A15B2 /* Contact.h */,
				10C994CB1E23D6A4006A15B2 /* Contact.m */,
				10C994D01E23DE18006A15B2 /* ContatosIP67-Bridging-Header.h */,
				1075425C1E23F63E00CD03B6 /* ContactDao.swift */,
				10773F971E240DED0027E701 /* ContactTableViewController.swift */,
				10D61AE81E2549A500B30E2A /* ContactTableViewControllerDelegate.swift */,
				106768F91E264CAA002FDC9C /* OptionsManagement.swift */,
				106768FB1E2677FE002FDC9C /* ContactTableViewCell.swift */,
				106B826C1E279F2000C2AF51 /* MapViewController.swift */,
				106B826E1E27B3C200C2AF51 /* Location.gpx */,
			);
			path = ContatosIP67;
			sourceTree = "<group>";
		};
		717FC76780678E88D4ECE874 /* Pods */ = {
			isa = PBXGroup;
			children = (
				E3FF87044B98EE6B7323A21A /* Pods-ContatosIP67.debug.xcconfig */,
				67AF0B960E70E1BF8C358942 /* Pods-ContatosIP67.release.xcconfig */,
			);
			name = Pods;
			sourceTree = "<group>";
		};
		D95EECC71F30A7A357A40C94 /* Frameworks */ = {
			isa = PBXGroup;
			children = (
				2859F9BDFF90F46AF3745F75 /* Pods_ContatosIP67.framework */,
			);
			name = Frameworks;
			sourceTree = "<group>";
		};
/* End PBXGroup section */

/* Begin PBXNativeTarget section */
		1011CAFE1E23BC4B00316511 /* ContatosIP67 */ = {
			isa = PBXNativeTarget;
			buildConfigurationList = 1011CB141E23BC4B00316511 /* Build configuration list for PBXNativeTarget "ContatosIP67" */;
			buildPhases = (
				362DE3C9FACF14DE19DD0B64 /* [CP] Check Pods Manifest.lock */,
				1011CAFB1E23BC4B00316511 /* Sources */,
				1011CAFC1E23BC4B00316511 /* Frameworks */,
				1011CAFD1E23BC4B00316511 /* Resources */,
				99307160680C3D5148F3507F /* [CP] Embed Pods Frameworks */,
				9CFC15015B846525181FADD0 /* [CP] Copy Pods Resources */,
			);
			buildRules = (
			);
			dependencies = (
			);
			name = ContatosIP67;
			productName = ContatosIP67;
			productReference = 1011CAFF1E23BC4B00316511 /* ContatosIP67.app */;
			productType = "com.apple.product-type.application";
		};
/* End PBXNativeTarget section */

/* Begin PBXProject section */
		1011CAF71E23BC4A00316511 /* Project object */ = {
			isa = PBXProject;
			attributes = {
				LastSwiftUpdateCheck = 0800;
				LastUpgradeCheck = 0800;
				ORGANIZATIONNAME = ios6584;
				TargetAttributes = {
					1011CAFE1E23BC4B00316511 = {
						CreatedOnToolsVersion = 8.0;
						LastSwiftMigration = 0800;
						ProvisioningStyle = Automatic;
					};
				};
			};
			buildConfigurationList = 1011CAFA1E23BC4A00316511 /* Build configuration list for PBXProject "ContatosIP67" */;
			compatibilityVersion = "Xcode 3.2";
			developmentRegion = English;
			hasScannedForEncodings = 0;
			knownRegions = (
				en,
				Base,
			);
			mainGroup = 1011CAF61E23BC4A00316511;
			productRefGroup = 1011CB001E23BC4B00316511 /* Products */;
			projectDirPath = "";
			projectRoot = "";
			targets = (
				1011CAFE1E23BC4B00316511 /* ContatosIP67 */,
			);
		};
/* End PBXProject section */

/* Begin PBXResourcesBuildPhase section */
		1011CAFD1E23BC4B00316511 /* Resources */ = {
			isa = PBXResourcesBuildPhase;
			buildActionMask = 2147483647;
			files = (
				1011CB101E23BC4B00316511 /* LaunchScreen.storyboard in Resources */,
				1011CB0D1E23BC4B00316511 /* Assets.xcassets in Resources */,
				1011CB081E23BC4B00316511 /* Main.storyboard in Resources */,
			);
			runOnlyForDeploymentPostprocessing = 0;
		};
/* End PBXResourcesBuildPhase section */

/* Begin PBXShellScriptBuildPhase section */
		362DE3C9FACF14DE19DD0B64 /* [CP] Check Pods Manifest.lock */ = {
			isa = PBXShellScriptBuildPhase;
			buildActionMask = 2147483647;
			files = (
			);
			inputPaths = (
			);
			name = "[CP] Check Pods Manifest.lock";
			outputPaths = (
			);
			runOnlyForDeploymentPostprocessing = 0;
			shellPath = /bin/sh;
			shellScript = "diff \"${PODS_ROOT}/../Podfile.lock\" \"${PODS_ROOT}/Manifest.lock\" > /dev/null\nif [ $? != 0 ] ; then\n    # print error to STDERR\n    echo \"error: The sandbox is not in sync with the Podfile.lock. Run 'pod install' or update your CocoaPods installation.\" >&2\n    exit 1\nfi\n";
			showEnvVarsInLog = 0;
		};
		99307160680C3D5148F3507F /* [CP] Embed Pods Frameworks */ = {
			isa = PBXShellScriptBuildPhase;
			buildActionMask = 2147483647;
			files = (
			);
			inputPaths = (
			);
			name = "[CP] Embed Pods Frameworks";
			outputPaths = (
			);
			runOnlyForDeploymentPostprocessing = 0;
			shellPath = /bin/sh;
			shellScript = "\"${SRCROOT}/Pods/Target Support Files/Pods-ContatosIP67/Pods-ContatosIP67-frameworks.sh\"\n";
			showEnvVarsInLog = 0;
		};
		9CFC15015B846525181FADD0 /* [CP] Copy Pods Resources */ = {
			isa = PBXShellScriptBuildPhase;
			buildActionMask = 2147483647;
			files = (
			);
			inputPaths = (
			);
			name = "[CP] Copy Pods Resources";
			outputPaths = (
			);
			runOnlyForDeploymentPostprocessing = 0;
			shellPath = /bin/sh;
			shellScript = "\"${SRCROOT}/Pods/Target Support Files/Pods-ContatosIP67/Pods-ContatosIP67-resources.sh\"\n";
			showEnvVarsInLog = 0;
		};
/* End PBXShellScriptBuildPhase section */

/* Begin PBXSourcesBuildPhase section */
		1011CAFB1E23BC4B00316511 /* Sources */ = {
			isa = PBXSourcesBuildPhase;
			buildActionMask = 2147483647;
			files = (
				10C994CC1E23D6A4006A15B2 /* Contact.m in Sources */,
				1011CB051E23BC4B00316511 /* ContactFormViewController.swift in Sources */,
				10773F981E240DED0027E701 /* ContactTableViewController.swift in Sources */,
				106B826D1E279F2000C2AF51 /* MapViewController.swift in Sources */,
				106768FA1E264CAA002FDC9C /* OptionsManagement.swift in Sources */,
				1011CB0B1E23BC4B00316511 /* ContatosIP67.xcdatamodeld in Sources */,
				10D61AE91E2549A500B30E2A /* ContactTableViewControllerDelegate.swift in Sources */,
				106768FC1E2677FE002FDC9C /* ContactTableViewCell.swift in Sources */,
				1011CB031E23BC4B00316511 /* AppDelegate.swift in Sources */,
				1075425D1E23F63E00CD03B6 /* ContactDao.swift in Sources */,
			);
			runOnlyForDeploymentPostprocessing = 0;
		};
/* End PBXSourcesBuildPhase section */

/* Begin PBXVariantGroup section */
		1011CB061E23BC4B00316511 /* Main.storyboard */ = {
			isa = PBXVariantGroup;
			children = (
				1011CB071E23BC4B00316511 /* Base */,
			);
			name = Main.storyboard;
			sourceTree = "<group>";
		};
		1011CB0E1E23BC4B00316511 /* LaunchScreen.storyboard */ = {
			isa = PBXVariantGroup;
			children = (
				1011CB0F1E23BC4B00316511 /* Base */,
			);
			name = LaunchScreen.storyboard;
			sourceTree = "<group>";
		};
/* End PBXVariantGroup section */

/* Begin XCBuildConfiguration section */
		1011CB121E23BC4B00316511 /* Debug */ = {
			isa = XCBuildConfiguration;
			buildSettings = {
				ALWAYS_SEARCH_USER_PATHS = NO;
				CLANG_ANALYZER_NONNULL = YES;
				CLANG_CXX_LANGUAGE_STANDARD = "gnu++0x";
				CLANG_CXX_LIBRARY = "libc++";
				CLANG_ENABLE_MODULES = YES;
				CLANG_ENABLE_OBJC_ARC = YES;
				CLANG_WARN_BOOL_CONVERSION = YES;
				CLANG_WARN_CONSTANT_CONVERSION = YES;
				CLANG_WARN_DIRECT_OBJC_ISA_USAGE = YES_ERROR;
				CLANG_WARN_DOCUMENTATION_COMMENTS = YES;
				CLANG_WARN_EMPTY_BODY = YES;
				CLANG_WARN_ENUM_CONVERSION = YES;
				CLANG_WARN_INFINITE_RECURSION = YES;
				CLANG_WARN_INT_CONVERSION = YES;
				CLANG_WARN_OBJC_ROOT_CLASS = YES_ERROR;
				CLANG_WARN_SUSPICIOUS_MOVES = YES;
				CLANG_WARN_UNREACHABLE_CODE = YES;
				CLANG_WARN__DUPLICATE_METHOD_MATCH = YES;
				"CODE_SIGN_IDENTITY[sdk=iphoneos*]" = "iPhone Developer";
				COPY_PHASE_STRIP = NO;
				DEBUG_INFORMATION_FORMAT = dwarf;
				ENABLE_STRICT_OBJC_MSGSEND = YES;
				ENABLE_TESTABILITY = YES;
				GCC_C_LANGUAGE_STANDARD = gnu99;
				GCC_DYNAMIC_NO_PIC = NO;
				GCC_NO_COMMON_BLOCKS = YES;
				GCC_OPTIMIZATION_LEVEL = 0;
				GCC_PREPROCESSOR_DEFINITIONS = (
					"DEBUG=1",
					"$(inherited)",
				);
				GCC_WARN_64_TO_32_BIT_CONVERSION = YES;
				GCC_WARN_ABOUT_RETURN_TYPE = YES_ERROR;
				GCC_WARN_UNDECLARED_SELECTOR = YES;
				GCC_WARN_UNINITIALIZED_AUTOS = YES_AGGRESSIVE;
				GCC_WARN_UNUSED_FUNCTION = YES;
				GCC_WARN_UNUSED_VARIABLE = YES;
				IPHONEOS_DEPLOYMENT_TARGET = 10.0;
				MTL_ENABLE_DEBUG_INFO = YES;
				ONLY_ACTIVE_ARCH = YES;
				SDKROOT = iphoneos;
				SWIFT_ACTIVE_COMPILATION_CONDITIONS = DEBUG;
				SWIFT_OPTIMIZATION_LEVEL = "-Onone";
			};
			name = Debug;
		};
		1011CB131E23BC4B00316511 /* Release */ = {
			isa = XCBuildConfiguration;
			buildSettings = {
				ALWAYS_SEARCH_USER_PATHS = NO;
				CLANG_ANALYZER_NONNULL = YES;
				CLANG_CXX_LANGUAGE_STANDARD = "gnu++0x";
				CLANG_CXX_LIBRARY = "libc++";
				CLANG_ENABLE_MODULES = YES;
				CLANG_ENABLE_OBJC_ARC = YES;
				CLANG_WARN_BOOL_CONVERSION = YES;
				CLANG_WARN_CONSTANT_CONVERSION = YES;
				CLANG_WARN_DIRECT_OBJC_ISA_USAGE = YES_ERROR;
				CLANG_WARN_DOCUMENTATION_COMMENTS = YES;
				CLANG_WARN_EMPTY_BODY = YES;
				CLANG_WARN_ENUM_CONVERSION = YES;
				CLANG_WARN_INFINITE_RECURSION = YES;
				CLANG_WARN_INT_CONVERSION = YES;
				CLANG_WARN_OBJC_ROOT_CLASS = YES_ERROR;
				CLANG_WARN_SUSPICIOUS_MOVES = YES;
				CLANG_WARN_UNREACHABLE_CODE = YES;
				CLANG_WARN__DUPLICATE_METHOD_MATCH = YES;
				"CODE_SIGN_IDENTITY[sdk=iphoneos*]" = "iPhone Developer";
				COPY_PHASE_STRIP = NO;
				DEBUG_INFORMATION_FORMAT = "dwarf-with-dsym";
				ENABLE_NS_ASSERTIONS = NO;
				ENABLE_STRICT_OBJC_MSGSEND = YES;
				GCC_C_LANGUAGE_STANDARD = gnu99;
				GCC_NO_COMMON_BLOCKS = YES;
				GCC_WARN_64_TO_32_BIT_CONVERSION = YES;
				GCC_WARN_ABOUT_RETURN_TYPE = YES_ERROR;
				GCC_WARN_UNDECLARED_SELECTOR = YES;
				GCC_WARN_UNINITIALIZED_AUTOS = YES_AGGRESSIVE;
				GCC_WARN_UNUSED_FUNCTION = YES;
				GCC_WARN_UNUSED_VARIABLE = YES;
				IPHONEOS_DEPLOYMENT_TARGET = 10.0;
				MTL_ENABLE_DEBUG_INFO = NO;
				SDKROOT = iphoneos;
				SWIFT_OPTIMIZATION_LEVEL = "-Owholemodule";
				VALIDATE_PRODUCT = YES;
			};
			name = Release;
		};
		1011CB151E23BC4B00316511 /* Debug */ = {
			isa = XCBuildConfiguration;
			baseConfigurationReference = E3FF87044B98EE6B7323A21A /* Pods-ContatosIP67.debug.xcconfig */;
			buildSettings = {
				ASSETCATALOG_COMPILER_APPICON_NAME = AppIcon;
				CLANG_ENABLE_MODULES = YES;
				INFOPLIST_FILE = ContatosIP67/Info.plist;
				LD_RUNPATH_SEARCH_PATHS = "$(inherited) @executable_path/Frameworks";
				PRODUCT_BUNDLE_IDENTIFIER = br.com.alura.ContatosIP67;
				PRODUCT_NAME = "$(TARGET_NAME)";
				SWIFT_OBJC_BRIDGING_HEADER = "ContatosIP67/ContatosIP67-Bridging-Header.h";
				SWIFT_OPTIMIZATION_LEVEL = "-Onone";
				SWIFT_VERSION = 3.0;
				TARGETED_DEVICE_FAMILY = 1;
			};
			name = Debug;
		};
		1011CB161E23BC4B00316511 /* Release */ = {
			isa = XCBuildConfiguration;
			baseConfigurationReference = 67AF0B960E70E1BF8C358942 /* Pods-ContatosIP67.release.xcconfig */;
			buildSettings = {
				ASSETCATALOG_COMPILER_APPICON_NAME = AppIcon;
				CLANG_ENABLE_MODULES = YES;
				INFOPLIST_FILE = ContatosIP67/Info.plist;
				LD_RUNPATH_SEARCH_PATHS = "$(inherited) @executable_path/Frameworks";
				PRODUCT_BUNDLE_IDENTIFIER = br.com.alura.ContatosIP67;
				PRODUCT_NAME = "$(TARGET_NAME)";
				SWIFT_OBJC_BRIDGING_HEADER = "ContatosIP67/ContatosIP67-Bridging-Header.h";
				SWIFT_VERSION = 3.0;
				TARGETED_DEVICE_FAMILY = 1;
			};
			name = Release;
		};
/* End XCBuildConfiguration section */

/* Begin XCConfigurationList section */
		1011CAFA1E23BC4A00316511 /* Build configuration list for PBXProject "ContatosIP67" */ = {
			isa = XCConfigurationList;
			buildConfigurations = (
				1011CB121E23BC4B00316511 /* Debug */,
				1011CB131E23BC4B00316511 /* Release */,
			);
			defaultConfigurationIsVisible = 0;
			defaultConfigurationName = Release;
		};
		1011CB141E23BC4B00316511 /* Build configuration list for PBXNativeTarget "ContatosIP67" */ = {
			isa = XCConfigurationList;
			buildConfigurations = (
				1011CB151E23BC4B00316511 /* Debug */,
				1011CB161E23BC4B00316511 /* Release */,
			);
			defaultConfigurationIsVisible = 0;
			defaultConfigurationName = Release;
		};
/* End XCConfigurationList section */

/* Begin XCVersionGroup section */
		1011CB091E23BC4B00316511 /* ContatosIP67.xcdatamodeld */ = {
			isa = XCVersionGroup;
			children = (
				1011CB0A1E23BC4B00316511 /* ContatosIP67.xcdatamodel */,
			);
			currentVersion = 1011CB0A1E23BC4B00316511 /* ContatosIP67.xcdatamodel */;
			path = ContatosIP67.xcdatamodeld;
			sourceTree = "<group>";
			versionGroupType = wrapper.xcdatamodel;
		};
/* End XCVersionGroup section */
	};
	rootObject = 1011CAF71E23BC4A00316511 /* Project object */;
}
